
Microsoft Visual Studio Solution File, Format Version 12.00
# Visual Studio Version 17
VisualStudioVersion = 17.5.33530.505
MinimumVisualStudioVersion = 10.0.40219.1
Project("{FAE04EC0-301F-11D3-BF4B-00C04F79EFBC}") = "D3FAU4TBOT Hub", "D3FAU4TBOT Hub.csproj", "{60D3C473-5FD9-46F1-987F-1886C6BFEBF9}"
EndProject
Project("{54435603-DBB4-11D2-8724-00A0C9A8B90C}") = "D3FAU4TBOT Hub Setup", "..\D3FAU4TBOT Hub Setup\D3FAU4TBOT Hub Setup.vdproj", "{5D72C50F-4F79-4563-B37B-54951F5B6F25}"
EndProject
Global
	GlobalSection(SolutionConfigurationPlatforms) = preSolution
		Debug|Any CPU = Debug|Any CPU
		Release|Any CPU = Release|Any CPU
	EndGlobalSection
	GlobalSection(ProjectConfigurationPlatforms) = postSolution
		{60D3C473-5FD9-46F1-987F-1886C6BFEBF9}.Debug|Any CPU.ActiveCfg = Debug|Any CPU
		{60D3C473-5FD9-46F1-987F-1886C6BFEBF9}.Debug|Any CPU.Build.0 = Debug|Any CPU
		{60D3C473-5FD9-46F1-987F-1886C6BFEBF9}.Release|Any CPU.ActiveCfg = Release|Any CPU
		{60D3C473-5FD9-46F1-987F-1886C6BFEBF9}.Release|Any CPU.Build.0 = Release|Any CPU
		{5D72C50F-4F79-4563-B37B-54951F5B6F25}.Debug|Any CPU.ActiveCfg = Debug
		{5D72C50F-4F79-4563-B37B-54951F5B6F25}.Release|Any CPU.ActiveCfg = Release
	EndGlobalSection
	GlobalSection(SolutionProperties) = preSolution
		HideSolutionNode = FALSE
	EndGlobalSection
	GlobalSection(ExtensibilityGlobals) = postSolution
		SolutionGuid = {F062C3BC-1329-4DCE-9E57-CBEFDC1BD64A}
	EndGlobalSection
EndGlobal
